// !$*UTF8*$!
{
	archiveVersion = 1;
	classes = {
	};
	objectVersion = 56;
	objects = {

/* Begin PBXBuildFile section */
		B10000000000000000000001 /* AppModel.swift in Sources */ = {isa = PBXBuildFile; fileRef = C10000000000000000000001 /* AppModel.swift */; };
		B10000000000000000000002 /* ContentView.swift in Sources */ = {isa = PBXBuildFile; fileRef = C10000000000000000000002 /* ContentView.swift */; };
		B10000000000000000000003 /* LogicSyncManager.swift in Sources */ = {isa = PBXBuildFile; fileRef = C10000000000000000000003 /* LogicSyncManager.swift */; };
		B10000000000000000000004 /* LogicVideoCueApp.swift in Sources */ = {isa = PBXBuildFile; fileRef = C10000000000000000000004 /* LogicVideoCueApp.swift */; };
		B10000000000000000000005 /* Models.swift in Sources */ = {isa = PBXBuildFile; fileRef = C10000000000000000000005 /* Models.swift */; };
		B10000000000000000000006 /* MTCDecoder.swift in Sources */ = {isa = PBXBuildFile; fileRef = C10000000000000000000006 /* MTCDecoder.swift */; };
		B10000000000000000000007 /* OutputWindowController.swift in Sources */ = {isa = PBXBuildFile; fileRef = C10000000000000000000007 /* OutputWindowController.swift */; };
		B10000000000000000000008 /* PlayerView.swift in Sources */ = {isa = PBXBuildFile; fileRef = C10000000000000000000008 /* PlayerView.swift */; };
		B10000000000000000000009 /* TimelinePlayer.swift in Sources */ = {isa = PBXBuildFile; fileRef = C10000000000000000000009 /* TimelinePlayer.swift */; };
		B1000000000000000000000A /* Assets.xcassets in Resources */ = {isa = PBXBuildFile; fileRef = C1000000000000000000000C /* Assets.xcassets */; };
		B20000000000000000000001 /* AUBridgeManager.swift in Sources */ = {isa = PBXBuildFile; fileRef = C20000000000000000000001 /* AUBridgeManager.swift */; };
		B20000000000000000000002 /* AUBridgeProtocol.swift in Sources */ = {isa = PBXBuildFile; fileRef = C20000000000000000000002 /* AUBridgeProtocol.swift */; };
		B20000000000000000000003 /* LogicVideoCueAUAudioUnit.swift in Sources */ = {isa = PBXBuildFile; fileRef = C20000000000000000000003 /* LogicVideoCueAUAudioUnit.swift */; };
		B20000000000000000000004 /* LogicVideoCueAUViewController.swift in Sources */ = {isa = PBXBuildFile; fileRef = C20000000000000000000004 /* LogicVideoCueAUViewController.swift */; };
		B20000000000000000000005 /* AUBridgeProtocol.swift in Sources */ = {isa = PBXBuildFile; fileRef = C20000000000000000000002 /* AUBridgeProtocol.swift */; };
		B20000000000000000000006 /* LogicVideoCue-AppIcon-1024.png in Resources */ = {isa = PBXBuildFile; fileRef = C20000000000000000000007 /* LogicVideoCue-AppIcon-1024.png */; };
		B20000000000000000000007 /* LogicVideoCueLink.appex in Embed App Extensions */ = {isa = PBXBuildFile; fileRef = C20000000000000000000008 /* LogicVideoCueLink.appex */; settings = {ATTRIBUTES = (RemoveHeadersOnCopy, ); }; };
		B30000000000000000000001 /* Localizable.xcstrings in Resources */ = {isa = PBXBuildFile; fileRef = C30000000000000000000001 /* Localizable.xcstrings */; };
		B30000000000000000000002 /* Localizable.xcstrings in Resources */ = {isa = PBXBuildFile; fileRef = C30000000000000000000001 /* Localizable.xcstrings */; };
/* End PBXBuildFile section */

/* Begin PBXContainerItemProxy section */
		I20000000000000000000001 /* PBXContainerItemProxy */ = {
			isa = PBXContainerItemProxy;
			containerPortal = A10000000000000000000001 /* Project object */;
			proxyType = 1;
			remoteGlobalIDString = F20000000000000000000001;
			remoteInfo = LogicVideoCueLink;
		};
/* End PBXContainerItemProxy section */

/* Begin PBXCopyFilesBuildPhase section */
		K20000000000000000000001 /* Embed App Extensions */ = {
			isa = PBXCopyFilesBuildPhase;
			buildActionMask = 2147483647;
			dstPath = "";
			dstSubfolderSpec = 13;
			files = (
				B20000000000000000000007 /* LogicVideoCueLink.appex in Embed App Extensions */,
			);
			name = "Embed App Extensions";
			runOnlyForDeploymentPostprocessing = 0;
		};
/* End PBXCopyFilesBuildPhase section */

/* Begin PBXFileReference section */
		C10000000000000000000001 /* AppModel.swift */ = {isa = PBXFileReference; lastKnownFileType = sourcecode.swift; path = AppModel.swift; sourceTree = "<group>"; };
		C10000000000000000000002 /* ContentView.swift */ = {isa = PBXFileReference; lastKnownFileType = sourcecode.swift; path = ContentView.swift; sourceTree = "<group>"; };
		C10000000000000000000003 /* LogicSyncManager.swift */ = {isa = PBXFileReference; lastKnownFileType = sourcecode.swift; path = LogicSyncManager.swift; sourceTree = "<group>"; };
		C10000000000000000000004 /* LogicVideoCueApp.swift */ = {isa = PBXFileReference; lastKnownFileType = sourcecode.swift; path = LogicVideoCueApp.swift; sourceTree = "<group>"; };
		C10000000000000000000005 /* Models.swift */ = {isa = PBXFileReference; lastKnownFileType = sourcecode.swift; path = Models.swift; sourceTree = "<group>"; };
		C10000000000000000000006 /* MTCDecoder.swift */ = {isa = PBXFileReference; lastKnownFileType = sourcecode.swift; path = MTCDecoder.swift; sourceTree = "<group>"; };
		C10000000000000000000007 /* OutputWindowController.swift */ = {isa = PBXFileReference; lastKnownFileType = sourcecode.swift; path = OutputWindowController.swift; sourceTree = "<group>"; };
		C10000000000000000000008 /* PlayerView.swift */ = {isa = PBXFileReference; lastKnownFileType = sourcecode.swift; path = PlayerView.swift; sourceTree = "<group>"; };
		C10000000000000000000009 /* TimelinePlayer.swift */ = {isa = PBXFileReference; lastKnownFileType = sourcecode.swift; path = TimelinePlayer.swift; sourceTree = "<group>"; };
		C1000000000000000000000A /* Info.plist */ = {isa = PBXFileReference; lastKnownFileType = text.plist.xml; path = Info.plist; sourceTree = "<group>"; };
		C1000000000000000000000B /* LogicVideoCue.app */ = {isa = PBXFileReference; explicitFileType = wrapper.application; includeInIndex = 0; path = LogicVideoCue.app; sourceTree = BUILT_PRODUCTS_DIR; };
		C1000000000000000000000C /* Assets.xcassets */ = {isa = PBXFileReference; lastKnownFileType = folder.assetcatalog; path = Assets.xcassets; sourceTree = "<group>"; };
		C20000000000000000000001 /* AUBridgeManager.swift */ = {isa = PBXFileReference; lastKnownFileType = sourcecode.swift; path = AUBridgeManager.swift; sourceTree = "<group>"; };
		C20000000000000000000002 /* AUBridgeProtocol.swift */ = {isa = PBXFileReference; lastKnownFileType = sourcecode.swift; path = AUBridgeProtocol.swift; sourceTree = "<group>"; };
		C20000000000000000000003 /* LogicVideoCueAUAudioUnit.swift */ = {isa = PBXFileReference; lastKnownFileType = sourcecode.swift; path = LogicVideoCueAUAudioUnit.swift; sourceTree = "<group>"; };
		C20000000000000000000004 /* LogicVideoCueAUViewController.swift */ = {isa = PBXFileReference; lastKnownFileType = sourcecode.swift; path = LogicVideoCueAUViewController.swift; sourceTree = "<group>"; };
		C20000000000000000000005 /* Info.plist */ = {isa = PBXFileReference; lastKnownFileType = text.plist.xml; path = Info.plist; sourceTree = "<group>"; };
		C20000000000000000000006 /* LogicVideoCueAU.entitlements */ = {isa = PBXFileReference; lastKnownFileType = text.plist.entitlements; path = LogicVideoCueAU.entitlements; sourceTree = "<group>"; };
		C20000000000000000000007 /* LogicVideoCue-AppIcon-1024.png */ = {isa = PBXFileReference; lastKnownFileType = image.png; path = "../Artwork/LogicVideoCue-AppIcon-1024.png"; sourceTree = "<group>"; };
		C20000000000000000000008 /* LogicVideoCueLink.appex */ = {isa = PBXFileReference; explicitFileType = "wrapper.app-extension"; includeInIndex = 0; path = LogicVideoCueLink.appex; sourceTree = BUILT_PRODUCTS_DIR; };
		C30000000000000000000001 /* Localizable.xcstrings */ = {isa = PBXFileReference; lastKnownFileType = text.json.xcstrings; path = Localizable.xcstrings; sourceTree = "<group>"; };
/* End PBXFileReference section */

/* Begin PBXFrameworksBuildPhase section */
		E10000000000000000000001 /* Frameworks */ = {
			isa = PBXFrameworksBuildPhase;
			buildActionMask = 2147483647;
			files = (
			);
			runOnlyForDeploymentPostprocessing = 0;
		};
		E20000000000000000000001 /* Frameworks */ = {
			isa = PBXFrameworksBuildPhase;
			buildActionMask = 2147483647;
			files = (
			);
			runOnlyForDeploymentPostprocessing = 0;
		};
/* End PBXFrameworksBuildPhase section */

/* Begin PBXGroup section */
		D10000000000000000000001 = {
			isa = PBXGroup;
			children = (
				D10000000000000000000002 /* LogicVideoCue */,
				D20000000000000000000001 /* Shared */,
				D20000000000000000000002 /* LogicVideoCueAU */,
				D10000000000000000000003 /* Products */,
			);
			sourceTree = "<group>";
		};
		D10000000000000000000002 /* LogicVideoCue */ = {
			isa = PBXGroup;
			children = (
				C10000000000000000000004 /* LogicVideoCueApp.swift */,
				C10000000000000000000001 /* AppModel.swift */,
				C10000000000000000000002 /* ContentView.swift */,
				C10000000000000000000005 /* Models.swift */,
				C10000000000000000000003 /* LogicSyncManager.swift */,
				C10000000000000000000006 /* MTCDecoder.swift */,
				C10000000000000000000009 /* TimelinePlayer.swift */,
				C10000000000000000000008 /* PlayerView.swift */,
				C10000000000000000000007 /* OutputWindowController.swift */,
				C20000000000000000000001 /* AUBridgeManager.swift */,
				C1000000000000000000000C /* Assets.xcassets */,
				C1000000000000000000000A /* Info.plist */,
			);
			path = LogicVideoCue;
			sourceTree = "<group>";
		};
		D10000000000000000000003 /* Products */ = {
			isa = PBXGroup;
			children = (
				C1000000000000000000000B /* LogicVideoCue.app */,
				C20000000000000000000008 /* LogicVideoCueLink.appex */,
			);
			name = Products;
			sourceTree = "<group>";
		};
		D20000000000000000000001 /* Shared */ = {
			isa = PBXGroup;
			children = (
				C20000000000000000000002 /* AUBridgeProtocol.swift */,
				C30000000000000000000001 /* Localizable.xcstrings */,
			);
			path = Shared;
			sourceTree = "<group>";
		};
		D20000000000000000000002 /* LogicVideoCueAU */ = {
			isa = PBXGroup;
			children = (
				C20000000000000000000003 /* LogicVideoCueAUAudioUnit.swift */,
				C20000000000000000000004 /* LogicVideoCueAUViewController.swift */,
				C20000000000000000000007 /* LogicVideoCue-AppIcon-1024.png */,
				C20000000000000000000005 /* Info.plist */,
				C20000000000000000000006 /* LogicVideoCueAU.entitlements */,
			);
			path = LogicVideoCueAU;
			sourceTree = "<group>";
		};
/* End PBXGroup section */

/* Begin PBXNativeTarget section */
		F10000000000000000000001 /* LogicVideoCue */ = {
			isa = PBXNativeTarget;
			buildConfigurationList = H10000000000000000000002 /* Build configuration list for PBXNativeTarget "LogicVideoCue" */;
			buildPhases = (
				E10000000000000000000002 /* Sources */,
				E10000000000000000000001 /* Frameworks */,
				E10000000000000000000003 /* Resources */,
				K20000000000000000000001 /* Embed App Extensions */,
			);
			buildRules = (
			);
			dependencies = (
				J20000000000000000000001 /* PBXTargetDependency */,
			);
			name = LogicVideoCue;
			productName = LogicVideoCue;
			productReference = C1000000000000000000000B /* LogicVideoCue.app */;
			productType = "com.apple.product-type.application";
		};
		F20000000000000000000001 /* LogicVideoCueLink */ = {
			isa = PBXNativeTarget;
			buildConfigurationList = H20000000000000000000001 /* Build configuration list for PBXNativeTarget "LogicVideoCueLink" */;
			buildPhases = (
				E20000000000000000000002 /* Sources */,
				E20000000000000000000001 /* Frameworks */,
				E20000000000000000000003 /* Resources */,
			);
			buildRules = (
			);
			dependencies = (
			);
			name = LogicVideoCueLink;
			productName = LogicVideoCueLink;
			productReference = C20000000000000000000008 /* LogicVideoCueLink.appex */;
			productType = "com.apple.product-type.app-extension";
		};
/* End PBXNativeTarget section */

/* Begin PBXProject section */
		A10000000000000000000001 /* Project object */ = {
			isa = PBXProject;
			attributes = {
				BuildIndependentTargetsInParallel = 1;
				LastSwiftUpdateCheck = 1600;
				LastUpgradeCheck = 1600;
				TargetAttributes = {
					F10000000000000000000001 = {
						CreatedOnToolsVersion = 16.0;
					};
					F20000000000000000000001 = {
						CreatedOnToolsVersion = 16.0;
					};
				};
			};
			buildConfigurationList = H10000000000000000000001 /* Build configuration list for PBXProject "LogicVideoCue" */;
			compatibilityVersion = "Xcode 14.0";
			developmentRegion = en;
			hasScannedForEncodings = 0;
			knownRegions = (
				en,
				Base,
				"zh-Hant",
			);
			mainGroup = D10000000000000000000001;
			productRefGroup = D10000000000000000000003 /* Products */;
			projectDirPath = "";
			projectRoot = "";
			targets = (
				F10000000000000000000001 /* LogicVideoCue */,
				F20000000000000000000001 /* LogicVideoCueLink */,
			);
		};
/* End PBXProject section */

/* Begin PBXResourcesBuildPhase section */
		E10000000000000000000003 /* Resources */ = {
			isa = PBXResourcesBuildPhase;
			buildActionMask = 2147483647;
			files = (
				B1000000000000000000000A /* Assets.xcassets in Resources */,
				B30000000000000000000001 /* Localizable.xcstrings in Resources */,
			);
			runOnlyForDeploymentPostprocessing = 0;
		};
		E20000000000000000000003 /* Resources */ = {
			isa = PBXResourcesBuildPhase;
			buildActionMask = 2147483647;
			files = (
				B20000000000000000000006 /* LogicVideoCue-AppIcon-1024.png in Resources */,
				B30000000000000000000002 /* Localizable.xcstrings in Resources */,
			);
			runOnlyForDeploymentPostprocessing = 0;
		};
/* End PBXResourcesBuildPhase section */

/* Begin PBXSourcesBuildPhase section */
		E10000000000000000000002 /* Sources */ = {
			isa = PBXSourcesBuildPhase;
			buildActionMask = 2147483647;
			files = (
				B10000000000000000000004 /* LogicVideoCueApp.swift in Sources */,
				B10000000000000000000001 /* AppModel.swift in Sources */,
				B10000000000000000000002 /* ContentView.swift in Sources */,
				B10000000000000000000005 /* Models.swift in Sources */,
				B10000000000000000000003 /* LogicSyncManager.swift in Sources */,
				B10000000000000000000006 /* MTCDecoder.swift in Sources */,
				B10000000000000000000009 /* TimelinePlayer.swift in Sources */,
				B10000000000000000000008 /* PlayerView.swift in Sources */,
				B10000000000000000000007 /* OutputWindowController.swift in Sources */,
				B20000000000000000000001 /* AUBridgeManager.swift in Sources */,
				B20000000000000000000002 /* AUBridgeProtocol.swift in Sources */,
			);
			runOnlyForDeploymentPostprocessing = 0;
		};
		E20000000000000000000002 /* Sources */ = {
			isa = PBXSourcesBuildPhase;
			buildActionMask = 2147483647;
			files = (
				B20000000000000000000003 /* LogicVideoCueAUAudioUnit.swift in Sources */,
				B20000000000000000000004 /* LogicVideoCueAUViewController.swift in Sources */,
				B20000000000000000000005 /* AUBridgeProtocol.swift in Sources */,
			);
			runOnlyForDeploymentPostprocessing = 0;
		};
/* End PBXSourcesBuildPhase section */

/* Begin PBXTargetDependency section */
		J20000000000000000000001 /* PBXTargetDependency */ = {
			isa = PBXTargetDependency;
			target = F20000000000000000000001 /* LogicVideoCueLink */;
			targetProxy = I20000000000000000000001 /* PBXContainerItemProxy */;
		};
/* End PBXTargetDependency section */

/* Begin XCBuildConfiguration section */
		G10000000000000000000001 /* Debug */ = {
			isa = XCBuildConfiguration;
			buildSettings = {
				ALWAYS_SEARCH_USER_PATHS = NO;
				CLANG_ANALYZER_NONNULL = YES;
				CLANG_ANALYZER_NUMBER_OBJECT_CONVERSION = YES_AGGRESSIVE;
				CLANG_CXX_LANGUAGE_STANDARD = "gnu++20";
				CLANG_ENABLE_MODULES = YES;
				CLANG_ENABLE_OBJC_ARC = YES;
				CLANG_ENABLE_OBJC_WEAK = YES;
				CLANG_WARN_BLOCK_CAPTURE_AUTORELEASING = YES;
				CLANG_WARN_BOOL_CONVERSION = YES;
				CLANG_WARN_COMMA = YES;
				CLANG_WARN_CONSTANT_CONVERSION = YES;
				CLANG_WARN_DEPRECATED_OBJC_IMPLEMENTATIONS = YES;
				CLANG_WARN_DIRECT_OBJC_ISA_USAGE = YES_ERROR;
				CLANG_WARN_DOCUMENTATION_COMMENTS = YES;
				CLANG_WARN_EMPTY_BODY = YES;
				CLANG_WARN_ENUM_CONVERSION = YES;
				CLANG_WARN_INFINITE_RECURSION = YES;
				CLANG_WARN_INT_CONVERSION = YES;
				CLANG_WARN_NON_LITERAL_NULL_CONVERSION = YES;
				CLANG_WARN_OBJC_IMPLICIT_RETAIN_SELF = YES;
				CLANG_WARN_OBJC_LITERAL_CONVERSION = YES;
				CLANG_WARN_OBJC_ROOT_CLASS = YES_ERROR;
				CLANG_WARN_QUOTED_INCLUDE_IN_FRAMEWORK_HEADER = YES;
				CLANG_WARN_RANGE_LOOP_ANALYSIS = YES;
				CLANG_WARN_STRICT_PROTOTYPES = YES;
				CLANG_WARN_SUSPICIOUS_MOVE = YES;
				CLANG_WARN_UNGUARDED_AVAILABILITY = YES_AGGRESSIVE;
				CLANG_WARN_UNREACHABLE_CODE = YES;
				CLANG_WARN__DUPLICATE_METHOD_MATCH = YES;
				COPY_PHASE_STRIP = NO;
				DEBUG_INFORMATION_FORMAT = dwarf;
				ENABLE_STRICT_OBJC_MSGSEND = YES;
				ENABLE_TESTABILITY = YES;
				GCC_C_LANGUAGE_STANDARD = gnu17;
				GCC_DYNAMIC_NO_PIC = NO;
				GCC_NO_COMMON_BLOCKS = YES;
				GCC_OPTIMIZATION_LEVEL = 0;
				GCC_PREPROCESSOR_DEFINITIONS = (
					"DEBUG=1",
					"$(inherited)",
				);
				GCC_WARN_64_TO_32_BIT_CONVERSION = YES;
				GCC_WARN_ABOUT_RETURN_TYPE = YES_ERROR;
				GCC_WARN_UNDECLARED_SELECTOR = YES;
				GCC_WARN_UNINITIALIZED_AUTOS = YES_AGGRESSIVE;
				GCC_WARN_UNUSED_FUNCTION = YES;
				GCC_WARN_UNUSED_VARIABLE = YES;
				MACOSX_DEPLOYMENT_TARGET = 14.0;
				MTL_ENABLE_DEBUG_INFO = INCLUDE_SOURCE;
				MTL_FAST_MATH = YES;
				ONLY_ACTIVE_ARCH = YES;
				SDKROOT = macosx;
				SWIFT_ACTIVE_COMPILATION_CONDITIONS = "DEBUG $(inherited)";
				SWIFT_OPTIMIZATION_LEVEL = "-Onone";
			};
			name = Debug;
		};
		G10000000000000000000002 /* Release */ = {
			isa = XCBuildConfiguration;
			buildSettings = {
				ALWAYS_SEARCH_USER_PATHS = NO;
				CLANG_ANALYZER_NONNULL = YES;
				CLANG_ANALYZER_NUMBER_OBJECT_CONVERSION = YES_AGGRESSIVE;
				CLANG_CXX_LANGUAGE_STANDARD = "gnu++20";
				CLANG_ENABLE_MODULES = YES;
				CLANG_ENABLE_OBJC_ARC = YES;
				CLANG_ENABLE_OBJC_WEAK = YES;
				CLANG_WARN_BLOCK_CAPTURE_AUTORELEASING = YES;
				CLANG_WARN_BOOL_CONVERSION = YES;
				CLANG_WARN_COMMA = YES;
				CLANG_WARN_CONSTANT_CONVERSION = YES;
				CLANG_WARN_DEPRECATED_OBJC_IMPLEMENTATIONS = YES;
				CLANG_WARN_DIRECT_OBJC_ISA_USAGE = YES_ERROR;
				CLANG_WARN_DOCUMENTATION_COMMENTS = YES;
				CLANG_WARN_EMPTY_BODY = YES;
				CLANG_WARN_ENUM_CONVERSION = YES;
				CLANG_WARN_INFINITE_RECURSION = YES;
				CLANG_WARN_INT_CONVERSION = YES;
				CLANG_WARN_NON_LITERAL_NULL_CONVERSION = YES;
				CLANG_WARN_OBJC_IMPLICIT_RETAIN_SELF = YES;
				CLANG_WARN_OBJC_LITERAL_CONVERSION = YES;
				CLANG_WARN_OBJC_ROOT_CLASS = YES_ERROR;
				CLANG_WARN_QUOTED_INCLUDE_IN_FRAMEWORK_HEADER = YES;
				CLANG_WARN_RANGE_LOOP_ANALYSIS = YES;
				CLANG_WARN_STRICT_PROTOTYPES = YES;
				CLANG_WARN_SUSPICIOUS_MOVE = YES;
				CLANG_WARN_UNGUARDED_AVAILABILITY = YES_AGGRESSIVE;
				CLANG_WARN_UNREACHABLE_CODE = YES;
				CLANG_WARN__DUPLICATE_METHOD_MATCH = YES;
				COPY_PHASE_STRIP = NO;
				DEBUG_INFORMATION_FORMAT = "dwarf-with-dsym";
				ENABLE_NS_ASSERTIONS = NO;
				ENABLE_STRICT_OBJC_MSGSEND = YES;
				GCC_C_LANGUAGE_STANDARD = gnu17;
				GCC_NO_COMMON_BLOCKS = YES;
				GCC_WARN_64_TO_32_BIT_CONVERSION = YES;
				GCC_WARN_ABOUT_RETURN_TYPE = YES_ERROR;
				GCC_WARN_UNDECLARED_SELECTOR = YES;
				GCC_WARN_UNINITIALIZED_AUTOS = YES_AGGRESSIVE;
				GCC_WARN_UNUSED_FUNCTION = YES;
				GCC_WARN_UNUSED_VARIABLE = YES;
				MACOSX_DEPLOYMENT_TARGET = 14.0;
				MTL_ENABLE_DEBUG_INFO = NO;
				MTL_FAST_MATH = YES;
				SDKROOT = macosx;
				SWIFT_COMPILATION_MODE = wholemodule;
			};
			name = Release;
		};
		G10000000000000000000003 /* Debug */ = {
			isa = XCBuildConfiguration;
			buildSettings = {
				ASSETCATALOG_COMPILER_APPICON_NAME = AppIcon;
				CODE_SIGN_IDENTITY = "-";
				CODE_SIGNING_ALLOWED = YES;
				CODE_SIGNING_REQUIRED = YES;
				CODE_SIGN_STYLE = Manual;
				COMBINE_HIDPI_IMAGES = YES;
				CURRENT_PROJECT_VERSION = 10;
				ENABLE_APP_SANDBOX = NO;
				GENERATE_INFOPLIST_FILE = NO;
				INFOPLIST_FILE = LogicVideoCue/Info.plist;
				LD_RUNPATH_SEARCH_PATHS = (
					"$(inherited)",
					"@executable_path/../Frameworks",
				);
				MARKETING_VERSION = 0.5.0;
				PRODUCT_BUNDLE_IDENTIFIER = com.local.logicvideocue;
				PRODUCT_NAME = "$(TARGET_NAME)";
				SWIFT_EMIT_LOC_STRINGS = YES;
				SWIFT_STRICT_CONCURRENCY = minimal;
				SWIFT_VERSION = 5.0;
			};
			name = Debug;
		};
		G10000000000000000000004 /* Release */ = {
			isa = XCBuildConfiguration;
			buildSettings = {
				ASSETCATALOG_COMPILER_APPICON_NAME = AppIcon;
				CODE_SIGN_IDENTITY = "-";
				CODE_SIGNING_ALLOWED = YES;
				CODE_SIGNING_REQUIRED = YES;
				CODE_SIGN_STYLE = Manual;
				COMBINE_HIDPI_IMAGES = YES;
				CURRENT_PROJECT_VERSION = 10;
				ENABLE_APP_SANDBOX = NO;
				GENERATE_INFOPLIST_FILE = NO;
				INFOPLIST_FILE = LogicVideoCue/Info.plist;
				LD_RUNPATH_SEARCH_PATHS = (
					"$(inherited)",
					"@executable_path/../Frameworks",
				);
				MARKETING_VERSION = 0.5.0;
				PRODUCT_BUNDLE_IDENTIFIER = com.local.logicvideocue;
				PRODUCT_NAME = "$(TARGET_NAME)";
				SWIFT_COMPILATION_MODE = wholemodule;
				SWIFT_EMIT_LOC_STRINGS = YES;
				SWIFT_STRICT_CONCURRENCY = minimal;
				SWIFT_VERSION = 5.0;
			};
			name = Release;
		};
		G20000000000000000000001 /* Debug */ = {
			isa = XCBuildConfiguration;
			buildSettings = {
				APPLICATION_EXTENSION_API_ONLY = YES;
				CODE_SIGN_ENTITLEMENTS = LogicVideoCueAU/LogicVideoCueAU.entitlements;
				CODE_SIGN_IDENTITY = "-";
				CODE_SIGNING_ALLOWED = YES;
				CODE_SIGNING_REQUIRED = YES;
				CODE_SIGN_STYLE = Manual;
				CURRENT_PROJECT_VERSION = 10;
				ENABLE_APP_SANDBOX = YES;
				GENERATE_INFOPLIST_FILE = NO;
				INFOPLIST_FILE = LogicVideoCueAU/Info.plist;
				LD_RUNPATH_SEARCH_PATHS = (
					"$(inherited)",
					"@executable_path/../Frameworks",
					"@executable_path/../../../../Frameworks",
				);
				MARKETING_VERSION = 0.5.0;
				PRODUCT_BUNDLE_IDENTIFIER = com.local.logicvideocue.au;
				PRODUCT_MODULE_NAME = LogicVideoCueAU;
				PRODUCT_NAME = LogicVideoCueLink;
				SKIP_INSTALL = YES;
				SWIFT_EMIT_LOC_STRINGS = YES;
				SWIFT_STRICT_CONCURRENCY = minimal;
				SWIFT_VERSION = 5.0;
			};
			name = Debug;
		};
		G20000000000000000000002 /* Release */ = {
			isa = XCBuildConfiguration;
			buildSettings = {
				APPLICATION_EXTENSION_API_ONLY = YES;
				CODE_SIGN_ENTITLEMENTS = LogicVideoCueAU/LogicVideoCueAU.entitlements;
				CODE_SIGN_IDENTITY = "-";
				CODE_SIGNING_ALLOWED = YES;
				CODE_SIGNING_REQUIRED = YES;
				CODE_SIGN_STYLE = Manual;
				CURRENT_PROJECT_VERSION = 10;
				ENABLE_APP_SANDBOX = YES;
				GENERATE_INFOPLIST_FILE = NO;
				INFOPLIST_FILE = LogicVideoCueAU/Info.plist;
				LD_RUNPATH_SEARCH_PATHS = (
					"$(inherited)",
					"@executable_path/../Frameworks",
					"@executable_path/../../../../Frameworks",
				);
				MARKETING_VERSION = 0.5.0;
				PRODUCT_BUNDLE_IDENTIFIER = com.local.logicvideocue.au;
				PRODUCT_MODULE_NAME = LogicVideoCueAU;
				PRODUCT_NAME = LogicVideoCueLink;
				SKIP_INSTALL = YES;
				SWIFT_COMPILATION_MODE = wholemodule;
				SWIFT_EMIT_LOC_STRINGS = YES;
				SWIFT_STRICT_CONCURRENCY = minimal;
				SWIFT_VERSION = 5.0;
			};
			name = Release;
		};
/* End XCBuildConfiguration section */

/* Begin XCConfigurationList section */
		H10000000000000000000001 /* Build configuration list for PBXProject "LogicVideoCue" */ = {
			isa = XCConfigurationList;
			buildConfigurations = (
				G10000000000000000000001 /* Debug */,
				G10000000000000000000002 /* Release */,
			);
			defaultConfigurationIsVisible = 0;
			defaultConfigurationName = Release;
		};
		H10000000000000000000002 /* Build configuration list for PBXNativeTarget "LogicVideoCue" */ = {
			isa = XCConfigurationList;
			buildConfigurations = (
				G10000000000000000000003 /* Debug */,
				G10000000000000000000004 /* Release */,
			);
			defaultConfigurationIsVisible = 0;
			defaultConfigurationName = Release;
		};
		H20000000000000000000001 /* Build configuration list for PBXNativeTarget "LogicVideoCueLink" */ = {
			isa = XCConfigurationList;
			buildConfigurations = (
				G20000000000000000000001 /* Debug */,
				G20000000000000000000002 /* Release */,
			);
			defaultConfigurationIsVisible = 0;
			defaultConfigurationName = Release;
		};
/* End XCConfigurationList section */
	};
	rootObject = A10000000000000000000001 /* Project object */;
}
